
Microsoft Visual Studio Solution File, Format Version 12.00
# Visual Studio 14
VisualStudioVersion = 14.0.25123.0
MinimumVisualStudioVersion = 10.0.40219.1
Project("{FAE04EC0-301F-11D3-BF4B-00C04F79EFBC}") = "Discounts", "Model\Discounts.csproj", "{4D7459BC-BFDC-4E1C-9A06-92102A409BF8}"
EndProject
Project("{FAE04EC0-301F-11D3-BF4B-00C04F79EFBC}") = "View", "View\View.csproj", "{D3BFB499-15FC-46C6-9F9C-07279519CEC4}"
EndProject
Project("{FAE04EC0-301F-11D3-BF4B-00C04F79EFBC}") = "UnitTests", "UnitTests\UnitTests.csproj", "{7D23E899-58E4-4ED3-8690-EDB44BE4BE07}"
EndProject
Global
	GlobalSection(SolutionConfigurationPlatforms) = preSolution
		Debug|Any CPU = Debug|Any CPU
		Release|Any CPU = Release|Any CPU
	EndGlobalSection
	GlobalSection(ProjectConfigurationPlatforms) = postSolution
		{4D7459BC-BFDC-4E1C-9A06-92102A409BF8}.Debug|Any CPU.ActiveCfg = Debug|Any CPU
		{4D7459BC-BFDC-4E1C-9A06-92102A409BF8}.Debug|Any CPU.Build.0 = Debug|Any CPU
		{4D7459BC-BFDC-4E1C-9A06-92102A409BF8}.Release|Any CPU.ActiveCfg = Release|Any CPU
		{4D7459BC-BFDC-4E1C-9A06-92102A409BF8}.Release|Any CPU.Build.0 = Release|Any CPU
		{D3BFB499-15FC-46C6-9F9C-07279519CEC4}.Debug|Any CPU.ActiveCfg = Debug|Any CPU
		{D3BFB499-15FC-46C6-9F9C-07279519CEC4}.Debug|Any CPU.Build.0 = Debug|Any CPU
		{D3BFB499-15FC-46C6-9F9C-07279519CEC4}.Release|Any CPU.ActiveCfg = Release|Any CPU
		{D3BFB499-15FC-46C6-9F9C-07279519CEC4}.Release|Any CPU.Build.0 = Release|Any CPU
		{7D23E899-58E4-4ED3-8690-EDB44BE4BE07}.Debug|Any CPU.ActiveCfg = Debug|Any CPU
		{7D23E899-58E4-4ED3-8690-EDB44BE4BE07}.Debug|Any CPU.Build.0 = Debug|Any CPU
		{7D23E899-58E4-4ED3-8690-EDB44BE4BE07}.Release|Any CPU.ActiveCfg = Release|Any CPU
		{7D23E899-58E4-4ED3-8690-EDB44BE4BE07}.Release|Any CPU.Build.0 = Release|Any CPU
	EndGlobalSection
	GlobalSection(SolutionProperties) = preSolution
		HideSolutionNode = FALSE
	EndGlobalSection
EndGlobal
